{
  "version": 4,
  "terraform_version": "0.12.18",
  "serial": 1,
  "lineage": "9ef6ada2-cccf-fbc6-1bb7-a6c55637fe2f",
  "outputs": {},
  "resources": [
    {
      "mode": "managed",
      "type": "aws_s3_bucket",
      "name": "private_pypi",
      "provider": "provider.aws",
      "instances": [
        {
          "schema_version": 0,
          "attributes": {
            "acceleration_status": "",
            "acl": "public-read",
            "arn": "arn:aws:s3:::dnguyen-private-pypi",
            "bucket": "dnguyen-private-pypi",
            "bucket_domain_name": "dnguyen-private-pypi.s3.amazonaws.com",
            "bucket_prefix": null,
            "bucket_regional_domain_name": "dnguyen-private-pypi.s3.eu-central-1.amazonaws.com",
            "cors_rule": [],
            "force_destroy": false,
            "grant": [],
            "hosted_zone_id": "Z21DNDUVLTQW6Q",
            "id": "dnguyen-private-pypi",
            "lifecycle_rule": [],
            "logging": [],
            "object_lock_configuration": [],
            "policy": null,
            "region": "eu-central-1",
            "replication_configuration": [],
            "request_payer": "BucketOwner",
            "server_side_encryption_configuration": [],
            "tags": {
              "Name": "Private PyPI"
            },
            "versioning": [
              {
                "enabled": false,
                "mfa_delete": false
              }
            ],
            "website": [],
            "website_domain": null,
            "website_endpoint": null
          },
          "private": "bnVsbA=="
        }
      ]
    }
  ]
}
